// !$*UTF8*$!
{
	archiveVersion = 1;
	classes = {
	};
	objectVersion = 50;
	objects = {

/* Begin PBXBuildFile section */
		8CA52F3126B5AA1700B6AC46 /* AppDelegate.swift in Sources */ = {isa = PBXBuildFile; fileRef = 8CA52F3026B5AA1700B6AC46 /* AppDelegate.swift */; };
		8CA52F3326B5AA1700B6AC46 /* SceneDelegate.swift in Sources */ = {isa = PBXBuildFile; fileRef = 8CA52F3226B5AA1700B6AC46 /* SceneDelegate.swift */; };
		8CA52F3526B5AA1700B6AC46 /* ContentView.swift in Sources */ = {isa = PBXBuildFile; fileRef = 8CA52F3426B5AA1700B6AC46 /* ContentView.swift */; };
		8CA52F3726B5AA1900B6AC46 /* Assets.xcassets in Resources */ = {isa = PBXBuildFile; fileRef = 8CA52F3626B5AA1900B6AC46 /* Assets.xcassets */; };
		8CA52F3A26B5AA1900B6AC46 /* Preview Assets.xcassets in Resources */ = {isa = PBXBuildFile; fileRef = 8CA52F3926B5AA1900B6AC46 /* Preview Assets.xcassets */; };
		8CA52F3D26B5AA1900B6AC46 /* LaunchScreen.storyboard in Resources */ = {isa = PBXBuildFile; fileRef = 8CA52F3B26B5AA1900B6AC46 /* LaunchScreen.storyboard */; };
		8CA52F4826B5AA1900B6AC46 /* Picture_AppTests.swift in Sources */ = {isa = PBXBuildFile; fileRef = 8CA52F4726B5AA1900B6AC46 /* Picture_AppTests.swift */; };
		8CA52F5326B5AA1900B6AC46 /* Picture_AppUITests.swift in Sources */ = {isa = PBXBuildFile; fileRef = 8CA52F5226B5AA1900B6AC46 /* Picture_AppUITests.swift */; };
/* End PBXBuildFile section */

/* Begin PBXContainerItemProxy section */
		8CA52F4426B5AA1900B6AC46 /* PBXContainerItemProxy */ = {
			isa = PBXContainerItemProxy;
			containerPortal = 8CA52F2526B5AA1700B6AC46 /* Project object */;
			proxyType = 1;
			remoteGlobalIDString = 8CA52F2C26B5AA1700B6AC46;
			remoteInfo = "Picture App";
		};
		8CA52F4F26B5AA1900B6AC46 /* PBXContainerItemProxy */ = {
			isa = PBXContainerItemProxy;
			containerPortal = 8CA52F2526B5AA1700B6AC46 /* Project object */;
			proxyType = 1;
			remoteGlobalIDString = 8CA52F2C26B5AA1700B6AC46;
			remoteInfo = "Picture App";
		};
/* End PBXContainerItemProxy section */

/* Begin PBXFileReference section */
		8CA52F2D26B5AA1700B6AC46 /* Picture App.app */ = {isa = PBXFileReference; explicitFileType = wrapper.application; includeInIndex = 0; path = "Picture App.app"; sourceTree = BUILT_PRODUCTS_DIR; };
		8CA52F3026B5AA1700B6AC46 /* AppDelegate.swift */ = {isa = PBXFileReference; lastKnownFileType = sourcecode.swift; path = AppDelegate.swift; sourceTree = "<group>"; };
		8CA52F3226B5AA1700B6AC46 /* SceneDelegate.swift */ = {isa = PBXFileReference; lastKnownFileType = sourcecode.swift; path = SceneDelegate.swift; sourceTree = "<group>"; };
		8CA52F3426B5AA1700B6AC46 /* ContentView.swift */ = {isa = PBXFileReference; lastKnownFileType = sourcecode.swift; path = ContentView.swift; sourceTree = "<group>"; };
		8CA52F3626B5AA1900B6AC46 /* Assets.xcassets */ = {isa = PBXFileReference; lastKnownFileType = folder.assetcatalog; path = Assets.xcassets; sourceTree = "<group>"; };
		8CA52F3926B5AA1900B6AC46 /* Preview Assets.xcassets */ = {isa = PBXFileReference; lastKnownFileType = folder.assetcatalog; path = "Preview Assets.xcassets"; sourceTree = "<group>"; };
		8CA52F3C26B5AA1900B6AC46 /* Base */ = {isa = PBXFileReference; lastKnownFileType = file.storyboard; name = Base; path = Base.lproj/LaunchScreen.storyboard; sourceTree = "<group>"; };
		8CA52F3E26B5AA1900B6AC46 /* Info.plist */ = {isa = PBXFileReference; lastKnownFileType = text.plist.xml; path = Info.plist; sourceTree = "<group>"; };
		8CA52F4326B5AA1900B6AC46 /* Picture AppTests.xctest */ = {isa = PBXFileReference; explicitFileType = wrapper.cfbundle; includeInIndex = 0; path = "Picture AppTests.xctest"; sourceTree = BUILT_PRODUCTS_DIR; };
		8CA52F4726B5AA1900B6AC46 /* Picture_AppTests.swift */ = {isa = PBXFileReference; lastKnownFileType = sourcecode.swift; path = Picture_AppTests.swift; sourceTree = "<group>"; };
		8CA52F4926B5AA1900B6AC46 /* Info.plist */ = {isa = PBXFileReference; lastKnownFileType = text.plist.xml; path = Info.plist; sourceTree = "<group>"; };
		8CA52F4E26B5AA1900B6AC46 /* Picture AppUITests.xctest */ = {isa = PBXFileReference; explicitFileType = wrapper.cfbundle; includeInIndex = 0; path = "Picture AppUITests.xctest"; sourceTree = BUILT_PRODUCTS_DIR; };
		8CA52F5226B5AA1900B6AC46 /* Picture_AppUITests.swift */ = {isa = PBXFileReference; lastKnownFileType = sourcecode.swift; path = Picture_AppUITests.swift; sourceTree = "<group>"; };
		8CA52F5426B5AA1900B6AC46 /* Info.plist */ = {isa = PBXFileReference; lastKnownFileType = text.plist.xml; path = Info.plist; sourceTree = "<group>"; };
/* End PBXFileReference section */

/* Begin PBXFrameworksBuildPhase section */
		8CA52F2A26B5AA1700B6AC46 /* Frameworks */ = {
			isa = PBXFrameworksBuildPhase;
			buildActionMask = 2147483647;
			files = (
			);
			runOnlyForDeploymentPostprocessing = 0;
		};
		8CA52F4026B5AA1900B6AC46 /* Frameworks */ = {
			isa = PBXFrameworksBuildPhase;
			buildActionMask = 2147483647;
			files = (
			);
			runOnlyForDeploymentPostprocessing = 0;
		};
		8CA52F4B26B5AA1900B6AC46 /* Frameworks */ = {
			isa = PBXFrameworksBuildPhase;
			buildActionMask = 2147483647;
			files = (
			);
			runOnlyForDeploymentPostprocessing = 0;
		};
/* End PBXFrameworksBuildPhase section */

/* Begin PBXGroup section */
		8CA52F2426B5AA1700B6AC46 = {
			isa = PBXGroup;
			children = (
				8CA52F2F26B5AA1700B6AC46 /* Picture App */,
				8CA52F4626B5AA1900B6AC46 /* Picture AppTests */,
				8CA52F5126B5AA1900B6AC46 /* Picture AppUITests */,
				8CA52F2E26B5AA1700B6AC46 /* Products */,
			);
			sourceTree = "<group>";
		};
		8CA52F2E26B5AA1700B6AC46 /* Products */ = {
			isa = PBXGroup;
			children = (
				8CA52F2D26B5AA1700B6AC46 /* Picture App.app */,
				8CA52F4326B5AA1900B6AC46 /* Picture AppTests.xctest */,
				8CA52F4E26B5AA1900B6AC46 /* Picture AppUITests.xctest */,
			);
			name = Products;
			sourceTree = "<group>";
		};
		8CA52F2F26B5AA1700B6AC46 /* Picture App */ = {
			isa = PBXGroup;
			children = (
				8CA52F3026B5AA1700B6AC46 /* AppDelegate.swift */,
				8CA52F3226B5AA1700B6AC46 /* SceneDelegate.swift */,
				8CA52F3426B5AA1700B6AC46 /* ContentView.swift */,
				8CA52F3626B5AA1900B6AC46 /* Assets.xcassets */,
				8CA52F3B26B5AA1900B6AC46 /* LaunchScreen.storyboard */,
				8CA52F3E26B5AA1900B6AC46 /* Info.plist */,
				8CA52F3826B5AA1900B6AC46 /* Preview Content */,
			);
			path = "Picture App";
			sourceTree = "<group>";
		};
		8CA52F3826B5AA1900B6AC46 /* Preview Content */ = {
			isa = PBXGroup;
			children = (
				8CA52F3926B5AA1900B6AC46 /* Preview Assets.xcassets */,
			);
			path = "Preview Content";
			sourceTree = "<group>";
		};
		8CA52F4626B5AA1900B6AC46 /* Picture AppTests */ = {
			isa = PBXGroup;
			children = (
				8CA52F4726B5AA1900B6AC46 /* Picture_AppTests.swift */,
				8CA52F4926B5AA1900B6AC46 /* Info.plist */,
			);
			path = "Picture AppTests";
			sourceTree = "<group>";
		};
		8CA52F5126B5AA1900B6AC46 /* Picture AppUITests */ = {
			isa = PBXGroup;
			children = (
				8CA52F5226B5AA1900B6AC46 /* Picture_AppUITests.swift */,
				8CA52F5426B5AA1900B6AC46 /* Info.plist */,
			);
			path = "Picture AppUITests";
			sourceTree = "<group>";
		};
/* End PBXGroup section */

/* Begin PBXNativeTarget section */
		8CA52F2C26B5AA1700B6AC46 /* Picture App */ = {
			isa = PBXNativeTarget;
			buildConfigurationList = 8CA52F5726B5AA1900B6AC46 /* Build configuration list for PBXNativeTarget "Picture App" */;
			buildPhases = (
				8CA52F2926B5AA1700B6AC46 /* Sources */,
				8CA52F2A26B5AA1700B6AC46 /* Frameworks */,
				8CA52F2B26B5AA1700B6AC46 /* Resources */,
			);
			buildRules = (
			);
			dependencies = (
			);
			name = "Picture App";
			productName = "Picture App";
			productReference = 8CA52F2D26B5AA1700B6AC46 /* Picture App.app */;
			productType = "com.apple.product-type.application";
		};
		8CA52F4226B5AA1900B6AC46 /* Picture AppTests */ = {
			isa = PBXNativeTarget;
			buildConfigurationList = 8CA52F5A26B5AA1900B6AC46 /* Build configuration list for PBXNativeTarget "Picture AppTests" */;
			buildPhases = (
				8CA52F3F26B5AA1900B6AC46 /* Sources */,
				8CA52F4026B5AA1900B6AC46 /* Frameworks */,
				8CA52F4126B5AA1900B6AC46 /* Resources */,
			);
			buildRules = (
			);
			dependencies = (
				8CA52F4526B5AA1900B6AC46 /* PBXTargetDependency */,
			);
			name = "Picture AppTests";
			productName = "Picture AppTests";
			productReference = 8CA52F4326B5AA1900B6AC46 /* Picture AppTests.xctest */;
			productType = "com.apple.product-type.bundle.unit-test";
		};
		8CA52F4D26B5AA1900B6AC46 /* Picture AppUITests */ = {
			isa = PBXNativeTarget;
			buildConfigurationList = 8CA52F5D26B5AA1900B6AC46 /* Build configuration list for PBXNativeTarget "Picture AppUITests" */;
			buildPhases = (
				8CA52F4A26B5AA1900B6AC46 /* Sources */,
				8CA52F4B26B5AA1900B6AC46 /* Frameworks */,
				8CA52F4C26B5AA1900B6AC46 /* Resources */,
			);
			buildRules = (
			);
			dependencies = (
				8CA52F5026B5AA1900B6AC46 /* PBXTargetDependency */,
			);
			name = "Picture AppUITests";
			productName = "Picture AppUITests";
			productReference = 8CA52F4E26B5AA1900B6AC46 /* Picture AppUITests.xctest */;
			productType = "com.apple.product-type.bundle.ui-testing";
		};
/* End PBXNativeTarget section */

/* Begin PBXProject section */
		8CA52F2526B5AA1700B6AC46 /* Project object */ = {
			isa = PBXProject;
			attributes = {
				LastSwiftUpdateCheck = 1240;
				LastUpgradeCheck = 1240;
				TargetAttributes = {
					8CA52F2C26B5AA1700B6AC46 = {
						CreatedOnToolsVersion = 12.4;
					};
					8CA52F4226B5AA1900B6AC46 = {
						CreatedOnToolsVersion = 12.4;
						TestTargetID = 8CA52F2C26B5AA1700B6AC46;
					};
					8CA52F4D26B5AA1900B6AC46 = {
						CreatedOnToolsVersion = 12.4;
						TestTargetID = 8CA52F2C26B5AA1700B6AC46;
					};
				};
			};
			buildConfigurationList = 8CA52F2826B5AA1700B6AC46 /* Build configuration list for PBXProject "Picture App" */;
			compatibilityVersion = "Xcode 9.3";
			developmentRegion = en;
			hasScannedForEncodings = 0;
			knownRegions = (
				en,
				Base,
			);
			mainGroup = 8CA52F2426B5AA1700B6AC46;
			productRefGroup = 8CA52F2E26B5AA1700B6AC46 /* Products */;
			projectDirPath = "";
			projectRoot = "";
			targets = (
				8CA52F2C26B5AA1700B6AC46 /* Picture App */,
				8CA52F4226B5AA1900B6AC46 /* Picture AppTests */,
				8CA52F4D26B5AA1900B6AC46 /* Picture AppUITests */,
			);
		};
/* End PBXProject section */

/* Begin PBXResourcesBuildPhase section */
		8CA52F2B26B5AA1700B6AC46 /* Resources */ = {
			isa = PBXResourcesBuildPhase;
			buildActionMask = 2147483647;
			files = (
				8CA52F3D26B5AA1900B6AC46 /* LaunchScreen.storyboard in Resources */,
				8CA52F3A26B5AA1900B6AC46 /* Preview Assets.xcassets in Resources */,
				8CA52F3726B5AA1900B6AC46 /* Assets.xcassets in Resources */,
			);
			runOnlyForDeploymentPostprocessing = 0;
		};
		8CA52F4126B5AA1900B6AC46 /* Resources */ = {
			isa = PBXResourcesBuildPhase;
			buildActionMask = 2147483647;
			files = (
			);
			runOnlyForDeploymentPostprocessing = 0;
		};
		8CA52F4C26B5AA1900B6AC46 /* Resources */ = {
			isa = PBXResourcesBuildPhase;
			buildActionMask = 2147483647;
			files = (
			);
			runOnlyForDeploymentPostprocessing = 0;
		};
/* End PBXResourcesBuildPhase section */

/* Begin PBXSourcesBuildPhase section */
		8CA52F2926B5AA1700B6AC46 /* Sources */ = {
			isa = PBXSourcesBuildPhase;
			buildActionMask = 2147483647;
			files = (
				8CA52F3126B5AA1700B6AC46 /* AppDelegate.swift in Sources */,
				8CA52F3326B5AA1700B6AC46 /* SceneDelegate.swift in Sources */,
				8CA52F3526B5AA1700B6AC46 /* ContentView.swift in Sources */,
			);
			runOnlyForDeploymentPostprocessing = 0;
		};
		8CA52F3F26B5AA1900B6AC46 /* Sources */ = {
			isa = PBXSourcesBuildPhase;
			buildActionMask = 2147483647;
			files = (
				8CA52F4826B5AA1900B6AC46 /* Picture_AppTests.swift in Sources */,
			);
			runOnlyForDeploymentPostprocessing = 0;
		};
		8CA52F4A26B5AA1900B6AC46 /* Sources */ = {
			isa = PBXSourcesBuildPhase;
			buildActionMask = 2147483647;
			files = (
				8CA52F5326B5AA1900B6AC46 /* Picture_AppUITests.swift in Sources */,
			);
			runOnlyForDeploymentPostprocessing = 0;
		};
/* End PBXSourcesBuildPhase section */

/* Begin PBXTargetDependency section */
		8CA52F4526B5AA1900B6AC46 /* PBXTargetDependency */ = {
			isa = PBXTargetDependency;
			target = 8CA52F2C26B5AA1700B6AC46 /* Picture App */;
			targetProxy = 8CA52F4426B5AA1900B6AC46 /* PBXContainerItemProxy */;
		};
		8CA52F5026B5AA1900B6AC46 /* PBXTargetDependency */ = {
			isa = PBXTargetDependency;
			target = 8CA52F2C26B5AA1700B6AC46 /* Picture App */;
			targetProxy = 8CA52F4F26B5AA1900B6AC46 /* PBXContainerItemProxy */;
		};
/* End PBXTargetDependency section */

/* Begin PBXVariantGroup section */
		8CA52F3B26B5AA1900B6AC46 /* LaunchScreen.storyboard */ = {
			isa = PBXVariantGroup;
			children = (
				8CA52F3C26B5AA1900B6AC46 /* Base */,
			);
			name = LaunchScreen.storyboard;
			sourceTree = "<group>";
		};
/* End PBXVariantGroup section */

/* Begin XCBuildConfiguration section */
		8CA52F5526B5AA1900B6AC46 /* Debug */ = {
			isa = XCBuildConfiguration;
			buildSettings = {
				ALWAYS_SEARCH_USER_PATHS = NO;
				CLANG_ANALYZER_NONNULL = YES;
				CLANG_ANALYZER_NUMBER_OBJECT_CONVERSION = YES_AGGRESSIVE;
				CLANG_CXX_LANGUAGE_STANDARD = "gnu++14";
				CLANG_CXX_LIBRARY = "libc++";
				CLANG_ENABLE_MODULES = YES;
				CLANG_ENABLE_OBJC_ARC = YES;
				CLANG_ENABLE_OBJC_WEAK = YES;
				CLANG_WARN_BLOCK_CAPTURE_AUTORELEASING = YES;
				CLANG_WARN_BOOL_CONVERSION = YES;
				CLANG_WARN_COMMA = YES;
				CLANG_WARN_CONSTANT_CONVERSION = YES;
				CLANG_WARN_DEPRECATED_OBJC_IMPLEMENTATIONS = YES;
				CLANG_WARN_DIRECT_OBJC_ISA_USAGE = YES_ERROR;
				CLANG_WARN_DOCUMENTATION_COMMENTS = YES;
				CLANG_WARN_EMPTY_BODY = YES;
				CLANG_WARN_ENUM_CONVERSION = YES;
				CLANG_WARN_INFINITE_RECURSION = YES;
				CLANG_WARN_INT_CONVERSION = YES;
				CLANG_WARN_NON_LITERAL_NULL_CONVERSION = YES;
				CLANG_WARN_OBJC_IMPLICIT_RETAIN_SELF = YES;
				CLANG_WARN_OBJC_LITERAL_CONVERSION = YES;
				CLANG_WARN_OBJC_ROOT_CLASS = YES_ERROR;
				CLANG_WARN_QUOTED_INCLUDE_IN_FRAMEWORK_HEADER = YES;
				CLANG_WARN_RANGE_LOOP_ANALYSIS = YES;
				CLANG_WARN_STRICT_PROTOTYPES = YES;
				CLANG_WARN_SUSPICIOUS_MOVE = YES;
				CLANG_WARN_UNGUARDED_AVAILABILITY = YES_AGGRESSIVE;
				CLANG_WARN_UNREACHABLE_CODE = YES;
				CLANG_WARN__DUPLICATE_METHOD_MATCH = YES;
				COPY_PHASE_STRIP = NO;
				DEBUG_INFORMATION_FORMAT = dwarf;
				ENABLE_STRICT_OBJC_MSGSEND = YES;
				ENABLE_TESTABILITY = YES;
				GCC_C_LANGUAGE_STANDARD = gnu11;
				GCC_DYNAMIC_NO_PIC = NO;
				GCC_NO_COMMON_BLOCKS = YES;
				GCC_OPTIMIZATION_LEVEL = 0;
				GCC_PREPROCESSOR_DEFINITIONS = (
					"DEBUG=1",
					"$(inherited)",
				);
				GCC_WARN_64_TO_32_BIT_CONVERSION = YES;
				GCC_WARN_ABOUT_RETURN_TYPE = YES_ERROR;
				GCC_WARN_UNDECLARED_SELECTOR = YES;
				GCC_WARN_UNINITIALIZED_AUTOS = YES_AGGRESSIVE;
				GCC_WARN_UNUSED_FUNCTION = YES;
				GCC_WARN_UNUSED_VARIABLE = YES;
				IPHONEOS_DEPLOYMENT_TARGET = 14.4;
				MTL_ENABLE_DEBUG_INFO = INCLUDE_SOURCE;
				MTL_FAST_MATH = YES;
				ONLY_ACTIVE_ARCH = YES;
				SDKROOT = iphoneos;
				SWIFT_ACTIVE_COMPILATION_CONDITIONS = DEBUG;
				SWIFT_OPTIMIZATION_LEVEL = "-Onone";
			};
			name = Debug;
		};
		8CA52F5626B5AA1900B6AC46 /* Release */ = {
			isa = XCBuildConfiguration;
			buildSettings = {
				ALWAYS_SEARCH_USER_PATHS = NO;
				CLANG_ANALYZER_NONNULL = YES;
				CLANG_ANALYZER_NUMBER_OBJECT_CONVERSION = YES_AGGRESSIVE;
				CLANG_CXX_LANGUAGE_STANDARD = "gnu++14";
				CLANG_CXX_LIBRARY = "libc++";
				CLANG_ENABLE_MODULES = YES;
				CLANG_ENABLE_OBJC_ARC = YES;
				CLANG_ENABLE_OBJC_WEAK = YES;
				CLANG_WARN_BLOCK_CAPTURE_AUTORELEASING = YES;
				CLANG_WARN_BOOL_CONVERSION = YES;
				CLANG_WARN_COMMA = YES;
				CLANG_WARN_CONSTANT_CONVERSION = YES;
				CLANG_WARN_DEPRECATED_OBJC_IMPLEMENTATIONS = YES;
				CLANG_WARN_DIRECT_OBJC_ISA_USAGE = YES_ERROR;
				CLANG_WARN_DOCUMENTATION_COMMENTS = YES;
				CLANG_WARN_EMPTY_BODY = YES;
				CLANG_WARN_ENUM_CONVERSION = YES;
				CLANG_WARN_INFINITE_RECURSION = YES;
				CLANG_WARN_INT_CONVERSION = YES;
				CLANG_WARN_NON_LITERAL_NULL_CONVERSION = YES;
				CLANG_WARN_OBJC_IMPLICIT_RETAIN_SELF = YES;
				CLANG_WARN_OBJC_LITERAL_CONVERSION = YES;
				CLANG_WARN_OBJC_ROOT_CLASS = YES_ERROR;
				CLANG_WARN_QUOTED_INCLUDE_IN_FRAMEWORK_HEADER = YES;
				CLANG_WARN_RANGE_LOOP_ANALYSIS = YES;
				CLANG_WARN_STRICT_PROTOTYPES = YES;
				CLANG_WARN_SUSPICIOUS_MOVE = YES;
				CLANG_WARN_UNGUARDED_AVAILABILITY = YES_AGGRESSIVE;
				CLANG_WARN_UNREACHABLE_CODE = YES;
				CLANG_WARN__DUPLICATE_METHOD_MATCH = YES;
				COPY_PHASE_STRIP = NO;
				DEBUG_INFORMATION_FORMAT = "dwarf-with-dsym";
				ENABLE_NS_ASSERTIONS = NO;
				ENABLE_STRICT_OBJC_MSGSEND = YES;
				GCC_C_LANGUAGE_STANDARD = gnu11;
				GCC_NO_COMMON_BLOCKS = YES;
				GCC_WARN_64_TO_32_BIT_CONVERSION = YES;
				GCC_WARN_ABOUT_RETURN_TYPE = YES_ERROR;
				GCC_WARN_UNDECLARED_SELECTOR = YES;
				GCC_WARN_UNINITIALIZED_AUTOS = YES_AGGRESSIVE;
				GCC_WARN_UNUSED_FUNCTION = YES;
				GCC_WARN_UNUSED_VARIABLE = YES;
				IPHONEOS_DEPLOYMENT_TARGET = 14.4;
				MTL_ENABLE_DEBUG_INFO = NO;
				MTL_FAST_MATH = YES;
				SDKROOT = iphoneos;
				SWIFT_COMPILATION_MODE = wholemodule;
				SWIFT_OPTIMIZATION_LEVEL = "-O";
				VALIDATE_PRODUCT = YES;
			};
			name = Release;
		};
		8CA52F5826B5AA1900B6AC46 /* Debug */ = {
			isa = XCBuildConfiguration;
			buildSettings = {
				ASSETCATALOG_COMPILER_APPICON_NAME = AppIcon;
				ASSETCATALOG_COMPILER_GLOBAL_ACCENT_COLOR_NAME = AccentColor;
				CODE_SIGN_STYLE = Automatic;
				DEVELOPMENT_ASSET_PATHS = "\"Picture App/Preview Content\"";
				DEVELOPMENT_TEAM = CRPB5AHSY2;
				ENABLE_PREVIEWS = YES;
				INFOPLIST_FILE = "Picture App/Info.plist";
				LD_RUNPATH_SEARCH_PATHS = (
					"$(inherited)",
					"@executable_path/Frameworks",
				);
				PRODUCT_BUNDLE_IDENTIFIER = "NateW.Picture-App";
				PRODUCT_NAME = "$(TARGET_NAME)";
				SWIFT_VERSION = 5.0;
				TARGETED_DEVICE_FAMILY = "1,2";
			};
			name = Debug;
		};
		8CA52F5926B5AA1900B6AC46 /* Release */ = {
			isa = XCBuildConfiguration;
			buildSettings = {
				ASSETCATALOG_COMPILER_APPICON_NAME = AppIcon;
				ASSETCATALOG_COMPILER_GLOBAL_ACCENT_COLOR_NAME = AccentColor;
				CODE_SIGN_STYLE = Automatic;
				DEVELOPMENT_ASSET_PATHS = "\"Picture App/Preview Content\"";
				DEVELOPMENT_TEAM = CRPB5AHSY2;
				ENABLE_PREVIEWS = YES;
				INFOPLIST_FILE = "Picture App/Info.plist";
				LD_RUNPATH_SEARCH_PATHS = (
					"$(inherited)",
					"@executable_path/Frameworks",
				);
				PRODUCT_BUNDLE_IDENTIFIER = "NateW.Picture-App";
				PRODUCT_NAME = "$(TARGET_NAME)";
				SWIFT_VERSION = 5.0;
				TARGETED_DEVICE_FAMILY = "1,2";
			};
			name = Release;
		};
		8CA52F5B26B5AA1900B6AC46 /* Debug */ = {
			isa = XCBuildConfiguration;
			buildSettings = {
				ALWAYS_EMBED_SWIFT_STANDARD_LIBRARIES = YES;
				BUNDLE_LOADER = "$(TEST_HOST)";
				CODE_SIGN_STYLE = Automatic;
				DEVELOPMENT_TEAM = CRPB5AHSY2;
				INFOPLIST_FILE = "Picture AppTests/Info.plist";
				IPHONEOS_DEPLOYMENT_TARGET = 14.4;
				LD_RUNPATH_SEARCH_PATHS = (
					"$(inherited)",
					"@executable_path/Frameworks",
					"@loader_path/Frameworks",
				);
				PRODUCT_BUNDLE_IDENTIFIER = "NateW.Picture-AppTests";
				PRODUCT_NAME = "$(TARGET_NAME)";
				SWIFT_VERSION = 5.0;
				TARGETED_DEVICE_FAMILY = "1,2";
				TEST_HOST = "$(BUILT_PRODUCTS_DIR)/Picture App.app/Picture App";
			};
			name = Debug;
		};
		8CA52F5C26B5AA1900B6AC46 /* Release */ = {
			isa = XCBuildConfiguration;
			buildSettings = {
				ALWAYS_EMBED_SWIFT_STANDARD_LIBRARIES = YES;
				BUNDLE_LOADER = "$(TEST_HOST)";
				CODE_SIGN_STYLE = Automatic;
				DEVELOPMENT_TEAM = CRPB5AHSY2;
				INFOPLIST_FILE = "Picture AppTests/Info.plist";
				IPHONEOS_DEPLOYMENT_TARGET = 14.4;
				LD_RUNPATH_SEARCH_PATHS = (
					"$(inherited)",
					"@executable_path/Frameworks",
					"@loader_path/Frameworks",
				);
				PRODUCT_BUNDLE_IDENTIFIER = "NateW.Picture-AppTests";
				PRODUCT_NAME = "$(TARGET_NAME)";
				SWIFT_VERSION = 5.0;
				TARGETED_DEVICE_FAMILY = "1,2";
				TEST_HOST = "$(BUILT_PRODUCTS_DIR)/Picture App.app/Picture App";
			};
			name = Release;
		};
		8CA52F5E26B5AA1900B6AC46 /* Debug */ = {
			isa = XCBuildConfiguration;
			buildSettings = {
				ALWAYS_EMBED_SWIFT_STANDARD_LIBRARIES = YES;
				CODE_SIGN_STYLE = Automatic;
				DEVELOPMENT_TEAM = CRPB5AHSY2;
				INFOPLIST_FILE = "Picture AppUITests/Info.plist";
				LD_RUNPATH_SEARCH_PATHS = (
					"$(inherited)",
					"@executable_path/Frameworks",
					"@loader_path/Frameworks",
				);
				PRODUCT_BUNDLE_IDENTIFIER = "NateW.Picture-AppUITests";
				PRODUCT_NAME = "$(TARGET_NAME)";
				SWIFT_VERSION = 5.0;
				TARGETED_DEVICE_FAMILY = "1,2";
				TEST_TARGET_NAME = "Picture App";
			};
			name = Debug;
		};
		8CA52F5F26B5AA1900B6AC46 /* Release */ = {
			isa = XCBuildConfiguration;
			buildSettings = {
				ALWAYS_EMBED_SWIFT_STANDARD_LIBRARIES = YES;
				CODE_SIGN_STYLE = Automatic;
				DEVELOPMENT_TEAM = CRPB5AHSY2;
				INFOPLIST_FILE = "Picture AppUITests/Info.plist";
				LD_RUNPATH_SEARCH_PATHS = (
					"$(inherited)",
					"@executable_path/Frameworks",
					"@loader_path/Frameworks",
				);
				PRODUCT_BUNDLE_IDENTIFIER = "NateW.Picture-AppUITests";
				PRODUCT_NAME = "$(TARGET_NAME)";
				SWIFT_VERSION = 5.0;
				TARGETED_DEVICE_FAMILY = "1,2";
				TEST_TARGET_NAME = "Picture App";
			};
			name = Release;
		};
/* End XCBuildConfiguration section */

/* Begin XCConfigurationList section */
		8CA52F2826B5AA1700B6AC46 /* Build configuration list for PBXProject "Picture App" */ = {
			isa = XCConfigurationList;
			buildConfigurations = (
				8CA52F5526B5AA1900B6AC46 /* Debug */,
				8CA52F5626B5AA1900B6AC46 /* Release */,
			);
			defaultConfigurationIsVisible = 0;
			defaultConfigurationName = Release;
		};
		8CA52F5726B5AA1900B6AC46 /* Build configuration list for PBXNativeTarget "Picture App" */ = {
			isa = XCConfigurationList;
			buildConfigurations = (
				8CA52F5826B5AA1900B6AC46 /* Debug */,
				8CA52F5926B5AA1900B6AC46 /* Release */,
			);
			defaultConfigurationIsVisible = 0;
			defaultConfigurationName = Release;
		};
		8CA52F5A26B5AA1900B6AC46 /* Build configuration list for PBXNativeTarget "Picture AppTests" */ = {
			isa = XCConfigurationList;
			buildConfigurations = (
				8CA52F5B26B5AA1900B6AC46 /* Debug */,
				8CA52F5C26B5AA1900B6AC46 /* Release */,
			);
			defaultConfigurationIsVisible = 0;
			defaultConfigurationName = Release;
		};
		8CA52F5D26B5AA1900B6AC46 /* Build configuration list for PBXNativeTarget "Picture AppUITests" */ = {
			isa = XCConfigurationList;
			buildConfigurations = (
				8CA52F5E26B5AA1900B6AC46 /* Debug */,
				8CA52F5F26B5AA1900B6AC46 /* Release */,
			);
			defaultConfigurationIsVisible = 0;
			defaultConfigurationName = Release;
		};
/* End XCConfigurationList section */
	};
	rootObject = 8CA52F2526B5AA1700B6AC46 /* Project object */;
}
